
Microsoft Visual Studio Solution File, Format Version 12.00
# Visual Studio Version 16
VisualStudioVersion = 16.0.810.19
MinimumVisualStudioVersion = 10.0.40219.1
Project("{FAE04EC0-301F-11D3-BF4B-00C04F79EFBC}") = "StartupTaskSequenceSample.Android", "StartupTaskSequenceSample.Android\StartupTaskSequenceSample.Android.csproj", "{008849E8-F286-4862-8803-D681166AB956}"
EndProject
Project("{FAE04EC0-301F-11D3-BF4B-00C04F79EFBC}") = "StartupTaskSequenceSample.iOS", "StartupTaskSequenceSample.iOS\StartupTaskSequenceSample.iOS.csproj", "{1E8443B4-3094-49B6-B6D1-856694C86F02}"
EndProject
Project("{FAE04EC0-301F-11D3-BF4B-00C04F79EFBC}") = "StartupTaskSequenceSample", "StartupTaskSequenceSample\StartupTaskSequenceSample.csproj", "{47F46D21-7DDB-4A51-B67C-F5AFFBBEDA42}"
EndProject
Global
	GlobalSection(SolutionConfigurationPlatforms) = preSolution
		Debug|Any CPU = Debug|Any CPU
		Release|Any CPU = Release|Any CPU
		Debug|iPhoneSimulator = Debug|iPhoneSimulator
		Release|iPhoneSimulator = Release|iPhoneSimulator
		Debug|iPhone = Debug|iPhone
		Release|iPhone = Release|iPhone
	EndGlobalSection
	GlobalSection(ProjectConfigurationPlatforms) = postSolution
		{008849E8-F286-4862-8803-D681166AB956}.Debug|Any CPU.ActiveCfg = Debug|Any CPU
		{008849E8-F286-4862-8803-D681166AB956}.Debug|Any CPU.Build.0 = Debug|Any CPU
		{008849E8-F286-4862-8803-D681166AB956}.Release|Any CPU.ActiveCfg = Release|Any CPU
		{008849E8-F286-4862-8803-D681166AB956}.Release|Any CPU.Build.0 = Release|Any CPU
		{008849E8-F286-4862-8803-D681166AB956}.Debug|iPhoneSimulator.ActiveCfg = Debug|Any CPU
		{008849E8-F286-4862-8803-D681166AB956}.Debug|iPhoneSimulator.Build.0 = Debug|Any CPU
		{008849E8-F286-4862-8803-D681166AB956}.Release|iPhoneSimulator.ActiveCfg = Release|Any CPU
		{008849E8-F286-4862-8803-D681166AB956}.Release|iPhoneSimulator.Build.0 = Release|Any CPU
		{008849E8-F286-4862-8803-D681166AB956}.Debug|iPhone.ActiveCfg = Debug|Any CPU
		{008849E8-F286-4862-8803-D681166AB956}.Debug|iPhone.Build.0 = Debug|Any CPU
		{008849E8-F286-4862-8803-D681166AB956}.Release|iPhone.ActiveCfg = Release|Any CPU
		{008849E8-F286-4862-8803-D681166AB956}.Release|iPhone.Build.0 = Release|Any CPU
		{1E8443B4-3094-49B6-B6D1-856694C86F02}.Debug|Any CPU.ActiveCfg = Debug|iPhoneSimulator
		{1E8443B4-3094-49B6-B6D1-856694C86F02}.Debug|Any CPU.Build.0 = Debug|iPhoneSimulator
		{1E8443B4-3094-49B6-B6D1-856694C86F02}.Release|Any CPU.ActiveCfg = Release|iPhoneSimulator
		{1E8443B4-3094-49B6-B6D1-856694C86F02}.Release|Any CPU.Build.0 = Release|iPhoneSimulator
		{1E8443B4-3094-49B6-B6D1-856694C86F02}.Debug|iPhoneSimulator.ActiveCfg = Debug|iPhoneSimulator
		{1E8443B4-3094-49B6-B6D1-856694C86F02}.Debug|iPhoneSimulator.Build.0 = Debug|iPhoneSimulator
		{1E8443B4-3094-49B6-B6D1-856694C86F02}.Release|iPhoneSimulator.ActiveCfg = Release|iPhoneSimulator
		{1E8443B4-3094-49B6-B6D1-856694C86F02}.Release|iPhoneSimulator.Build.0 = Release|iPhoneSimulator
		{1E8443B4-3094-49B6-B6D1-856694C86F02}.Debug|iPhone.ActiveCfg = Debug|iPhone
		{1E8443B4-3094-49B6-B6D1-856694C86F02}.Debug|iPhone.Build.0 = Debug|iPhone
		{1E8443B4-3094-49B6-B6D1-856694C86F02}.Release|iPhone.ActiveCfg = Release|iPhone
		{1E8443B4-3094-49B6-B6D1-856694C86F02}.Release|iPhone.Build.0 = Release|iPhone
		{47F46D21-7DDB-4A51-B67C-F5AFFBBEDA42}.Debug|Any CPU.ActiveCfg = Debug|Any CPU
		{47F46D21-7DDB-4A51-B67C-F5AFFBBEDA42}.Debug|Any CPU.Build.0 = Debug|Any CPU
		{47F46D21-7DDB-4A51-B67C-F5AFFBBEDA42}.Release|Any CPU.ActiveCfg = Release|Any CPU
		{47F46D21-7DDB-4A51-B67C-F5AFFBBEDA42}.Release|Any CPU.Build.0 = Release|Any CPU
		{47F46D21-7DDB-4A51-B67C-F5AFFBBEDA42}.Debug|iPhoneSimulator.ActiveCfg = Debug|Any CPU
		{47F46D21-7DDB-4A51-B67C-F5AFFBBEDA42}.Debug|iPhoneSimulator.Build.0 = Debug|Any CPU
		{47F46D21-7DDB-4A51-B67C-F5AFFBBEDA42}.Release|iPhoneSimulator.ActiveCfg = Release|Any CPU
		{47F46D21-7DDB-4A51-B67C-F5AFFBBEDA42}.Release|iPhoneSimulator.Build.0 = Release|Any CPU
		{47F46D21-7DDB-4A51-B67C-F5AFFBBEDA42}.Debug|iPhone.ActiveCfg = Debug|Any CPU
		{47F46D21-7DDB-4A51-B67C-F5AFFBBEDA42}.Debug|iPhone.Build.0 = Debug|Any CPU
		{47F46D21-7DDB-4A51-B67C-F5AFFBBEDA42}.Release|iPhone.ActiveCfg = Release|Any CPU
		{47F46D21-7DDB-4A51-B67C-F5AFFBBEDA42}.Release|iPhone.Build.0 = Release|Any CPU
	EndGlobalSection
	GlobalSection(SolutionProperties) = preSolution
		HideSolutionNode = FALSE
	EndGlobalSection
	GlobalSection(ExtensibilityGlobals) = postSolution
		SolutionGuid = {F6D14F19-C65B-4477-B097-15AB86A98E66}
	EndGlobalSection
EndGlobal
